
Microsoft Visual Studio Solution File, Format Version 12.00
Project("{FAE04EC0-301F-11D3-BF4B-00C04F79EFBC}") = "ArchitectureTestSample", "ArchitectureTestSample\ArchitectureTestSample.csproj", "{A99A4874-F4E2-42B7-A3D2-B438F269C39B}"
EndProject
Project("{FAE04EC0-301F-11D3-BF4B-00C04F79EFBC}") = "ArchitectureTestSample.Arch.Tests", "ArchitectureTestSample.Arch.Tests\ArchitectureTestSample.Arch.Tests.csproj", "{4FBF9810-DE91-40EE-9E88-A0E8BDB86356}"
EndProject
Global
	GlobalSection(SolutionConfigurationPlatforms) = preSolution
		Debug|Any CPU = Debug|Any CPU
		Release|Any CPU = Release|Any CPU
	EndGlobalSection
	GlobalSection(ProjectConfigurationPlatforms) = postSolution
		{A99A4874-F4E2-42B7-A3D2-B438F269C39B}.Debug|Any CPU.ActiveCfg = Debug|Any CPU
		{A99A4874-F4E2-42B7-A3D2-B438F269C39B}.Debug|Any CPU.Build.0 = Debug|Any CPU
		{A99A4874-F4E2-42B7-A3D2-B438F269C39B}.Release|Any CPU.ActiveCfg = Release|Any CPU
		{A99A4874-F4E2-42B7-A3D2-B438F269C39B}.Release|Any CPU.Build.0 = Release|Any CPU
		{4FBF9810-DE91-40EE-9E88-A0E8BDB86356}.Debug|Any CPU.ActiveCfg = Debug|Any CPU
		{4FBF9810-DE91-40EE-9E88-A0E8BDB86356}.Debug|Any CPU.Build.0 = Debug|Any CPU
		{4FBF9810-DE91-40EE-9E88-A0E8BDB86356}.Release|Any CPU.ActiveCfg = Release|Any CPU
		{4FBF9810-DE91-40EE-9E88-A0E8BDB86356}.Release|Any CPU.Build.0 = Release|Any CPU
	EndGlobalSection
EndGlobal
